
Microsoft Visual Studio Solution File, Format Version 12.00
# Visual Studio 15
VisualStudioVersion = 15.0.28307.168
MinimumVisualStudioVersion = 10.0.40219.1
Project("{FAE04EC0-301F-11D3-BF4B-00C04F79EFBC}") = "Office", "Automation\Office.csproj", "{0869ED79-17E9-45D1-AA64-E6475D64D797}"
	ProjectSection(ProjectDependencies) = postProject
		{DD63F01D-6E26-4EF7-AD83-BE9307084B78} = {DD63F01D-6E26-4EF7-AD83-BE9307084B78}
	EndProjectSection
EndProject
Project("{FAE04EC0-301F-11D3-BF4B-00C04F79EFBC}") = "DataModelLayer", "DataModelLayer\DataModelLayer.csproj", "{DD63F01D-6E26-4EF7-AD83-BE9307084B78}"
EndProject
Global
	GlobalSection(SolutionConfigurationPlatforms) = preSolution
		Debug|Any CPU = Debug|Any CPU
		Release|Any CPU = Release|Any CPU
	EndGlobalSection
	GlobalSection(ProjectConfigurationPlatforms) = postSolution
		{0869ED79-17E9-45D1-AA64-E6475D64D797}.Debug|Any CPU.ActiveCfg = Debug|Any CPU
		{0869ED79-17E9-45D1-AA64-E6475D64D797}.Debug|Any CPU.Build.0 = Debug|Any CPU
		{0869ED79-17E9-45D1-AA64-E6475D64D797}.Release|Any CPU.ActiveCfg = Release|Any CPU
		{0869ED79-17E9-45D1-AA64-E6475D64D797}.Release|Any CPU.Build.0 = Release|Any CPU
		{DD63F01D-6E26-4EF7-AD83-BE9307084B78}.Debug|Any CPU.ActiveCfg = Debug|Any CPU
		{DD63F01D-6E26-4EF7-AD83-BE9307084B78}.Debug|Any CPU.Build.0 = Debug|Any CPU
		{DD63F01D-6E26-4EF7-AD83-BE9307084B78}.Release|Any CPU.ActiveCfg = Release|Any CPU
		{DD63F01D-6E26-4EF7-AD83-BE9307084B78}.Release|Any CPU.Build.0 = Release|Any CPU
	EndGlobalSection
	GlobalSection(SolutionProperties) = preSolution
		HideSolutionNode = FALSE
	EndGlobalSection
	GlobalSection(ExtensibilityGlobals) = postSolution
		SolutionGuid = {D59E6830-1750-43B4-9BDB-4CFB7CCF5B3D}
	EndGlobalSection
EndGlobal
